// !$*UTF8*$!
{
	archiveVersion = 1;
	classes = {
	};
	objectVersion = 46;
	objects = {

/* Begin PBXBuildFile section */
		DB72E16F1C4480EE00872C9D /* PeliasSearchManager.swift in Sources */ = {isa = PBXBuildFile; fileRef = DB72E16E1C4480EE00872C9D /* PeliasSearchManager.swift */; };
		DB72E1701C4480EE00872C9D /* PeliasSearchManager.swift in Sources */ = {isa = PBXBuildFile; fileRef = DB72E16E1C4480EE00872C9D /* PeliasSearchManager.swift */; };
		DB96FA6D1C0DE65D00477BD3 /* CoreLocation.framework in Frameworks */ = {isa = PBXBuildFile; fileRef = DB96FA6C1C0DE65D00477BD3 /* CoreLocation.framework */; };
		DB96FA951C1219EA00477BD3 /* PeliasSearchConfigTests.swift in Sources */ = {isa = PBXBuildFile; fileRef = DB96FA941C1219EA00477BD3 /* PeliasSearchConfigTests.swift */; };
		DB96FA9A1C1B711800477BD3 /* ConfigProtocolTests.swift in Sources */ = {isa = PBXBuildFile; fileRef = DB96FA991C1B711800477BD3 /* ConfigProtocolTests.swift */; };
		DBA27FAD1C4D4130009F1927 /* ObjectiveCompatibility.swift in Sources */ = {isa = PBXBuildFile; fileRef = DBA27FAC1C4D4130009F1927 /* ObjectiveCompatibility.swift */; };
		DBA27FAE1C4D4130009F1927 /* ObjectiveCompatibility.swift in Sources */ = {isa = PBXBuildFile; fileRef = DBA27FAC1C4D4130009F1927 /* ObjectiveCompatibility.swift */; };
		DBB6671F1C3AD785003AD8E0 /* ConfigProtocol.swift in Sources */ = {isa = PBXBuildFile; fileRef = DBB6671B1C3AD785003AD8E0 /* ConfigProtocol.swift */; };
		DBB667201C3AD785003AD8E0 /* PeliasSearchConfigObject.swift in Sources */ = {isa = PBXBuildFile; fileRef = DBB6671C1C3AD785003AD8E0 /* PeliasSearchConfigObject.swift */; };
		DBB667211C3AD785003AD8E0 /* PeliasSearchResponse.swift in Sources */ = {isa = PBXBuildFile; fileRef = DBB6671D1C3AD785003AD8E0 /* PeliasSearchResponse.swift */; };
		DBB667241C3AD798003AD8E0 /* ConfigProtocol.swift in Sources */ = {isa = PBXBuildFile; fileRef = DBB6671B1C3AD785003AD8E0 /* ConfigProtocol.swift */; };
		DBB667251C3AD79B003AD8E0 /* PeliasSearchConfigObject.swift in Sources */ = {isa = PBXBuildFile; fileRef = DBB6671C1C3AD785003AD8E0 /* PeliasSearchConfigObject.swift */; };
		DBB667261C3AD79F003AD8E0 /* PeliasSearchResponse.swift in Sources */ = {isa = PBXBuildFile; fileRef = DBB6671D1C3AD785003AD8E0 /* PeliasSearchResponse.swift */; };
		DBB667291C3AD7F3003AD8E0 /* MapkitExtensions.swift in Sources */ = {isa = PBXBuildFile; fileRef = DBB667281C3AD7F3003AD8E0 /* MapkitExtensions.swift */; };
		DBF601961C0C997900EEEE98 /* AppDelegate.swift in Sources */ = {isa = PBXBuildFile; fileRef = DBF601951C0C997900EEEE98 /* AppDelegate.swift */; };
		DBF601981C0C997900EEEE98 /* FirstViewController.swift in Sources */ = {isa = PBXBuildFile; fileRef = DBF601971C0C997900EEEE98 /* FirstViewController.swift */; };
		DBF6019A1C0C997900EEEE98 /* SecondViewController.swift in Sources */ = {isa = PBXBuildFile; fileRef = DBF601991C0C997900EEEE98 /* SecondViewController.swift */; };
		DBF6019D1C0C997900EEEE98 /* Main.storyboard in Resources */ = {isa = PBXBuildFile; fileRef = DBF6019B1C0C997900EEEE98 /* Main.storyboard */; };
		DBF6019F1C0C997900EEEE98 /* Assets.xcassets in Resources */ = {isa = PBXBuildFile; fileRef = DBF6019E1C0C997900EEEE98 /* Assets.xcassets */; };
		DBF601A21C0C997900EEEE98 /* LaunchScreen.storyboard in Resources */ = {isa = PBXBuildFile; fileRef = DBF601A01C0C997900EEEE98 /* LaunchScreen.storyboard */; };
		DBFC11E11C3B0EDE00087FC9 /* MapKit.framework in Frameworks */ = {isa = PBXBuildFile; fileRef = DBB667181C3AD0AA003AD8E0 /* MapKit.framework */; };
		DBFC11E31C3B126E00087FC9 /* Contacts.framework in Frameworks */ = {isa = PBXBuildFile; fileRef = DBFC11E21C3B126E00087FC9 /* Contacts.framework */; };
/* End PBXBuildFile section */

/* Begin PBXContainerItemProxy section */
		DBF601A91C0C997900EEEE98 /* PBXContainerItemProxy */ = {
			isa = PBXContainerItemProxy;
			containerPortal = DBF6018A1C0C997900EEEE98 /* Project object */;
			proxyType = 1;
			remoteGlobalIDString = DBF601911C0C997900EEEE98;
			remoteInfo = "pelias-ios-sdk";
		};
/* End PBXContainerItemProxy section */

/* Begin PBXFileReference section */
		DB72E16E1C4480EE00872C9D /* PeliasSearchManager.swift */ = {isa = PBXFileReference; fileEncoding = 4; lastKnownFileType = sourcecode.swift; path = PeliasSearchManager.swift; sourceTree = "<group>"; };
		DB96FA6C1C0DE65D00477BD3 /* CoreLocation.framework */ = {isa = PBXFileReference; lastKnownFileType = wrapper.framework; name = CoreLocation.framework; path = System/Library/Frameworks/CoreLocation.framework; sourceTree = SDKROOT; };
		DB96FA941C1219EA00477BD3 /* PeliasSearchConfigTests.swift */ = {isa = PBXFileReference; fileEncoding = 4; lastKnownFileType = sourcecode.swift; path = PeliasSearchConfigTests.swift; sourceTree = "<group>"; };
		DB96FA991C1B711800477BD3 /* ConfigProtocolTests.swift */ = {isa = PBXFileReference; fileEncoding = 4; lastKnownFileType = sourcecode.swift; path = ConfigProtocolTests.swift; sourceTree = "<group>"; };
		DBA27FAC1C4D4130009F1927 /* ObjectiveCompatibility.swift */ = {isa = PBXFileReference; fileEncoding = 4; lastKnownFileType = sourcecode.swift; path = ObjectiveCompatibility.swift; sourceTree = "<group>"; };
		DBB667181C3AD0AA003AD8E0 /* MapKit.framework */ = {isa = PBXFileReference; lastKnownFileType = wrapper.framework; name = MapKit.framework; path = System/Library/Frameworks/MapKit.framework; sourceTree = SDKROOT; };
		DBB6671B1C3AD785003AD8E0 /* ConfigProtocol.swift */ = {isa = PBXFileReference; fileEncoding = 4; lastKnownFileType = sourcecode.swift; path = ConfigProtocol.swift; sourceTree = "<group>"; };
		DBB6671C1C3AD785003AD8E0 /* PeliasSearchConfigObject.swift */ = {isa = PBXFileReference; fileEncoding = 4; lastKnownFileType = sourcecode.swift; path = PeliasSearchConfigObject.swift; sourceTree = "<group>"; };
		DBB6671D1C3AD785003AD8E0 /* PeliasSearchResponse.swift */ = {isa = PBXFileReference; fileEncoding = 4; lastKnownFileType = sourcecode.swift; path = PeliasSearchResponse.swift; sourceTree = "<group>"; };
		DBB667281C3AD7F3003AD8E0 /* MapkitExtensions.swift */ = {isa = PBXFileReference; fileEncoding = 4; lastKnownFileType = sourcecode.swift; path = MapkitExtensions.swift; sourceTree = "<group>"; };
		DBF601921C0C997900EEEE98 /* pelias-ios-sdk.app */ = {isa = PBXFileReference; explicitFileType = wrapper.application; includeInIndex = 0; path = "pelias-ios-sdk.app"; sourceTree = BUILT_PRODUCTS_DIR; };
		DBF601951C0C997900EEEE98 /* AppDelegate.swift */ = {isa = PBXFileReference; lastKnownFileType = sourcecode.swift; path = AppDelegate.swift; sourceTree = "<group>"; };
		DBF601971C0C997900EEEE98 /* FirstViewController.swift */ = {isa = PBXFileReference; lastKnownFileType = sourcecode.swift; path = FirstViewController.swift; sourceTree = "<group>"; };
		DBF601991C0C997900EEEE98 /* SecondViewController.swift */ = {isa = PBXFileReference; lastKnownFileType = sourcecode.swift; path = SecondViewController.swift; sourceTree = "<group>"; };
		DBF6019C1C0C997900EEEE98 /* Base */ = {isa = PBXFileReference; lastKnownFileType = file.storyboard; name = Base; path = Base.lproj/Main.storyboard; sourceTree = "<group>"; };
		DBF6019E1C0C997900EEEE98 /* Assets.xcassets */ = {isa = PBXFileReference; lastKnownFileType = folder.assetcatalog; path = Assets.xcassets; sourceTree = "<group>"; };
		DBF601A11C0C997900EEEE98 /* Base */ = {isa = PBXFileReference; lastKnownFileType = file.storyboard; name = Base; path = Base.lproj/LaunchScreen.storyboard; sourceTree = "<group>"; };
		DBF601A31C0C997900EEEE98 /* Info.plist */ = {isa = PBXFileReference; lastKnownFileType = text.plist.xml; path = Info.plist; sourceTree = "<group>"; };
		DBF601A81C0C997900EEEE98 /* pelias-ios-sdkTests.xctest */ = {isa = PBXFileReference; explicitFileType = wrapper.cfbundle; includeInIndex = 0; path = "pelias-ios-sdkTests.xctest"; sourceTree = BUILT_PRODUCTS_DIR; };
		DBF601AE1C0C997900EEEE98 /* Info.plist */ = {isa = PBXFileReference; lastKnownFileType = text.plist.xml; path = Info.plist; sourceTree = "<group>"; };
		DBFC11E21C3B126E00087FC9 /* Contacts.framework */ = {isa = PBXFileReference; lastKnownFileType = wrapper.framework; name = Contacts.framework; path = System/Library/Frameworks/Contacts.framework; sourceTree = SDKROOT; };
/* End PBXFileReference section */

/* Begin PBXFrameworksBuildPhase section */
		DBF6018F1C0C997900EEEE98 /* Frameworks */ = {
			isa = PBXFrameworksBuildPhase;
			buildActionMask = 2147483647;
			files = (
				DBFC11E31C3B126E00087FC9 /* Contacts.framework in Frameworks */,
				DBFC11E11C3B0EDE00087FC9 /* MapKit.framework in Frameworks */,
				DB96FA6D1C0DE65D00477BD3 /* CoreLocation.framework in Frameworks */,
			);
			runOnlyForDeploymentPostprocessing = 0;
		};
		DBF601A51C0C997900EEEE98 /* Frameworks */ = {
			isa = PBXFrameworksBuildPhase;
			buildActionMask = 2147483647;
			files = (
			);
			runOnlyForDeploymentPostprocessing = 0;
		};
/* End PBXFrameworksBuildPhase section */

/* Begin PBXGroup section */
		DB96FA7E1C0DE81800477BD3 /* src */ = {
			isa = PBXGroup;
			children = (
				DBA27FAB1C4D40DB009F1927 /* objc-compat */,
				DBB667231C3AD78D003AD8E0 /* convenience */,
				DBB6671A1C3AD785003AD8E0 /* core */,
			);
			path = src;
			sourceTree = SOURCE_ROOT;
		};
		DBA27FAB1C4D40DB009F1927 /* objc-compat */ = {
			isa = PBXGroup;
			children = (
				DBA27FAC1C4D4130009F1927 /* ObjectiveCompatibility.swift */,
			);
			path = "objc-compat";
			sourceTree = "<group>";
		};
		DBB6671A1C3AD785003AD8E0 /* core */ = {
			isa = PBXGroup;
			children = (
				DBB6671B1C3AD785003AD8E0 /* ConfigProtocol.swift */,
				DBB6671C1C3AD785003AD8E0 /* PeliasSearchConfigObject.swift */,
				DB72E16E1C4480EE00872C9D /* PeliasSearchManager.swift */,
				DBB6671D1C3AD785003AD8E0 /* PeliasSearchResponse.swift */,
			);
			path = core;
			sourceTree = "<group>";
		};
		DBB667231C3AD78D003AD8E0 /* convenience */ = {
			isa = PBXGroup;
			children = (
				DBB667281C3AD7F3003AD8E0 /* MapkitExtensions.swift */,
			);
			path = convenience;
			sourceTree = "<group>";
		};
		DBF601891C0C997900EEEE98 = {
			isa = PBXGroup;
			children = (
				DBFC11E21C3B126E00087FC9 /* Contacts.framework */,
				DBB667181C3AD0AA003AD8E0 /* MapKit.framework */,
				DB96FA6C1C0DE65D00477BD3 /* CoreLocation.framework */,
				DBF601941C0C997900EEEE98 /* pelias-ios-sdk */,
				DBF601AB1C0C997900EEEE98 /* pelias-ios-sdkTests */,
				DBF601931C0C997900EEEE98 /* Products */,
			);
			sourceTree = "<group>";
		};
		DBF601931C0C997900EEEE98 /* Products */ = {
			isa = PBXGroup;
			children = (
				DBF601921C0C997900EEEE98 /* pelias-ios-sdk.app */,
				DBF601A81C0C997900EEEE98 /* pelias-ios-sdkTests.xctest */,
			);
			name = Products;
			sourceTree = "<group>";
		};
		DBF601941C0C997900EEEE98 /* pelias-ios-sdk */ = {
			isa = PBXGroup;
			children = (
				DB96FA7E1C0DE81800477BD3 /* src */,
				DBF601951C0C997900EEEE98 /* AppDelegate.swift */,
				DBF601971C0C997900EEEE98 /* FirstViewController.swift */,
				DBF601991C0C997900EEEE98 /* SecondViewController.swift */,
				DBF6019B1C0C997900EEEE98 /* Main.storyboard */,
				DBF6019E1C0C997900EEEE98 /* Assets.xcassets */,
				DBF601A01C0C997900EEEE98 /* LaunchScreen.storyboard */,
				DBF601A31C0C997900EEEE98 /* Info.plist */,
			);
			path = "pelias-ios-sdk";
			sourceTree = "<group>";
		};
		DBF601AB1C0C997900EEEE98 /* pelias-ios-sdkTests */ = {
			isa = PBXGroup;
			children = (
				DBF601AE1C0C997900EEEE98 /* Info.plist */,
				DB96FA941C1219EA00477BD3 /* PeliasSearchConfigTests.swift */,
				DB96FA991C1B711800477BD3 /* ConfigProtocolTests.swift */,
			);
			path = "pelias-ios-sdkTests";
			sourceTree = "<group>";
		};
/* End PBXGroup section */

/* Begin PBXNativeTarget section */
		DBF601911C0C997900EEEE98 /* pelias-ios-sdk */ = {
			isa = PBXNativeTarget;
			buildConfigurationList = DBF601B11C0C997900EEEE98 /* Build configuration list for PBXNativeTarget "pelias-ios-sdk" */;
			buildPhases = (
				DBF6018E1C0C997900EEEE98 /* Sources */,
				DBF6018F1C0C997900EEEE98 /* Frameworks */,
				DBF601901C0C997900EEEE98 /* Resources */,
			);
			buildRules = (
			);
			dependencies = (
			);
			name = "pelias-ios-sdk";
			productName = "pelias-ios-sdk";
			productReference = DBF601921C0C997900EEEE98 /* pelias-ios-sdk.app */;
			productType = "com.apple.product-type.application";
		};
		DBF601A71C0C997900EEEE98 /* pelias-ios-sdkTests */ = {
			isa = PBXNativeTarget;
			buildConfigurationList = DBF601B41C0C997900EEEE98 /* Build configuration list for PBXNativeTarget "pelias-ios-sdkTests" */;
			buildPhases = (
				DBF601A41C0C997900EEEE98 /* Sources */,
				DBF601A51C0C997900EEEE98 /* Frameworks */,
				DBF601A61C0C997900EEEE98 /* Resources */,
			);
			buildRules = (
			);
			dependencies = (
				DBF601AA1C0C997900EEEE98 /* PBXTargetDependency */,
			);
			name = "pelias-ios-sdkTests";
			productName = "pelias-ios-sdkTests";
			productReference = DBF601A81C0C997900EEEE98 /* pelias-ios-sdkTests.xctest */;
			productType = "com.apple.product-type.bundle.unit-test";
		};
/* End PBXNativeTarget section */

/* Begin PBXProject section */
		DBF6018A1C0C997900EEEE98 /* Project object */ = {
			isa = PBXProject;
			attributes = {
				LastSwiftUpdateCheck = 0710;
				LastUpgradeCheck = 0710;
				ORGANIZATIONNAME = Mapzen;
				TargetAttributes = {
					DBF601911C0C997900EEEE98 = {
						CreatedOnToolsVersion = 7.1.1;
						DevelopmentTeam = LTQC954SPQ;
					};
					DBF601A71C0C997900EEEE98 = {
						CreatedOnToolsVersion = 7.1.1;
						DevelopmentTeam = D382UW8GW4;
						TestTargetID = DBF601911C0C997900EEEE98;
					};
				};
			};
			buildConfigurationList = DBF6018D1C0C997900EEEE98 /* Build configuration list for PBXProject "pelias-ios-sdk" */;
			compatibilityVersion = "Xcode 3.2";
			developmentRegion = English;
			hasScannedForEncodings = 0;
			knownRegions = (
				en,
				Base,
			);
			mainGroup = DBF601891C0C997900EEEE98;
			productRefGroup = DBF601931C0C997900EEEE98 /* Products */;
			projectDirPath = "";
			projectRoot = "";
			targets = (
				DBF601911C0C997900EEEE98 /* pelias-ios-sdk */,
				DBF601A71C0C997900EEEE98 /* pelias-ios-sdkTests */,
			);
		};
/* End PBXProject section */

/* Begin PBXResourcesBuildPhase section */
		DBF601901C0C997900EEEE98 /* Resources */ = {
			isa = PBXResourcesBuildPhase;
			buildActionMask = 2147483647;
			files = (
				DBF601A21C0C997900EEEE98 /* LaunchScreen.storyboard in Resources */,
				DBF6019F1C0C997900EEEE98 /* Assets.xcassets in Resources */,
				DBF6019D1C0C997900EEEE98 /* Main.storyboard in Resources */,
			);
			runOnlyForDeploymentPostprocessing = 0;
		};
		DBF601A61C0C997900EEEE98 /* Resources */ = {
			isa = PBXResourcesBuildPhase;
			buildActionMask = 2147483647;
			files = (
			);
			runOnlyForDeploymentPostprocessing = 0;
		};
/* End PBXResourcesBuildPhase section */

/* Begin PBXSourcesBuildPhase section */
		DBF6018E1C0C997900EEEE98 /* Sources */ = {
			isa = PBXSourcesBuildPhase;
			buildActionMask = 2147483647;
			files = (
				DBF6019A1C0C997900EEEE98 /* SecondViewController.swift in Sources */,
				DBB667211C3AD785003AD8E0 /* PeliasSearchResponse.swift in Sources */,
				DBA27FAD1C4D4130009F1927 /* ObjectiveCompatibility.swift in Sources */,
				DBF601961C0C997900EEEE98 /* AppDelegate.swift in Sources */,
				DBB667201C3AD785003AD8E0 /* PeliasSearchConfigObject.swift in Sources */,
				DBF601981C0C997900EEEE98 /* FirstViewController.swift in Sources */,
				DBB6671F1C3AD785003AD8E0 /* ConfigProtocol.swift in Sources */,
				DB72E16F1C4480EE00872C9D /* PeliasSearchManager.swift in Sources */,
				DBB667291C3AD7F3003AD8E0 /* MapkitExtensions.swift in Sources */,
			);
			runOnlyForDeploymentPostprocessing = 0;
		};
		DBF601A41C0C997900EEEE98 /* Sources */ = {
			isa = PBXSourcesBuildPhase;
			buildActionMask = 2147483647;
			files = (
				DBB667251C3AD79B003AD8E0 /* PeliasSearchConfigObject.swift in Sources */,
				DBA27FAE1C4D4130009F1927 /* ObjectiveCompatibility.swift in Sources */,
				DBB667261C3AD79F003AD8E0 /* PeliasSearchResponse.swift in Sources */,
				DB96FA951C1219EA00477BD3 /* PeliasSearchConfigTests.swift in Sources */,
				DB72E1701C4480EE00872C9D /* PeliasSearchManager.swift in Sources */,
				DBB667241C3AD798003AD8E0 /* ConfigProtocol.swift in Sources */,
				DB96FA9A1C1B711800477BD3 /* ConfigProtocolTests.swift in Sources */,
			);
			runOnlyForDeploymentPostprocessing = 0;
		};
/* End PBXSourcesBuildPhase section */

/* Begin PBXTargetDependency section */
		DBF601AA1C0C997900EEEE98 /* PBXTargetDependency */ = {
			isa = PBXTargetDependency;
			target = DBF601911C0C997900EEEE98 /* pelias-ios-sdk */;
			targetProxy = DBF601A91C0C997900EEEE98 /* PBXContainerItemProxy */;
		};
/* End PBXTargetDependency section */

/* Begin PBXVariantGroup section */
		DBF6019B1C0C997900EEEE98 /* Main.storyboard */ = {
			isa = PBXVariantGroup;
			children = (
				DBF6019C1C0C997900EEEE98 /* Base */,
			);
			name = Main.storyboard;
			sourceTree = "<group>";
		};
		DBF601A01C0C997900EEEE98 /* LaunchScreen.storyboard */ = {
			isa = PBXVariantGroup;
			children = (
				DBF601A11C0C997900EEEE98 /* Base */,
			);
			name = LaunchScreen.storyboard;
			sourceTree = "<group>";
		};
/* End PBXVariantGroup section */

/* Begin XCBuildConfiguration section */
		DBF601AF1C0C997900EEEE98 /* Debug */ = {
			isa = XCBuildConfiguration;
			buildSettings = {
				ALWAYS_SEARCH_USER_PATHS = NO;
				CLANG_CXX_LANGUAGE_STANDARD = "gnu++0x";
				CLANG_CXX_LIBRARY = "libc++";
				CLANG_ENABLE_MODULES = YES;
				CLANG_ENABLE_OBJC_ARC = YES;
				CLANG_WARN_BOOL_CONVERSION = YES;
				CLANG_WARN_CONSTANT_CONVERSION = YES;
				CLANG_WARN_DIRECT_OBJC_ISA_USAGE = YES_ERROR;
				CLANG_WARN_EMPTY_BODY = YES;
				CLANG_WARN_ENUM_CONVERSION = YES;
				CLANG_WARN_INT_CONVERSION = YES;
				CLANG_WARN_OBJC_ROOT_CLASS = YES_ERROR;
				CLANG_WARN_UNREACHABLE_CODE = YES;
				CLANG_WARN__DUPLICATE_METHOD_MATCH = YES;
				CODE_SIGN_IDENTITY = "iPhone Developer";
				COPY_PHASE_STRIP = NO;
				DEBUG_INFORMATION_FORMAT = dwarf;
				ENABLE_STRICT_OBJC_MSGSEND = YES;
				ENABLE_TESTABILITY = YES;
				GCC_C_LANGUAGE_STANDARD = gnu99;
				GCC_DYNAMIC_NO_PIC = NO;
				GCC_NO_COMMON_BLOCKS = YES;
				GCC_OPTIMIZATION_LEVEL = 0;
				GCC_PREPROCESSOR_DEFINITIONS = (
					"DEBUG=1",
					"$(inherited)",
				);
				GCC_WARN_64_TO_32_BIT_CONVERSION = YES;
				GCC_WARN_ABOUT_RETURN_TYPE = YES_ERROR;
				GCC_WARN_UNDECLARED_SELECTOR = YES;
				GCC_WARN_UNINITIALIZED_AUTOS = YES_AGGRESSIVE;
				GCC_WARN_UNUSED_FUNCTION = YES;
				GCC_WARN_UNUSED_VARIABLE = YES;
				IPHONEOS_DEPLOYMENT_TARGET = 9.0;
				MTL_ENABLE_DEBUG_INFO = YES;
				ONLY_ACTIVE_ARCH = YES;
				SDKROOT = iphoneos;
				SWIFT_OPTIMIZATION_LEVEL = "-Onone";
				TARGETED_DEVICE_FAMILY = "1,2";
			};
			name = Debug;
		};
		DBF601B01C0C997900EEEE98 /* Release */ = {
			isa = XCBuildConfiguration;
			buildSettings = {
				ALWAYS_SEARCH_USER_PATHS = NO;
				CLANG_CXX_LANGUAGE_STANDARD = "gnu++0x";
				CLANG_CXX_LIBRARY = "libc++";
				CLANG_ENABLE_MODULES = YES;
				CLANG_ENABLE_OBJC_ARC = YES;
				CLANG_WARN_BOOL_CONVERSION = YES;
				CLANG_WARN_CONSTANT_CONVERSION = YES;
				CLANG_WARN_DIRECT_OBJC_ISA_USAGE = YES_ERROR;
				CLANG_WARN_EMPTY_BODY = YES;
				CLANG_WARN_ENUM_CONVERSION = YES;
				CLANG_WARN_INT_CONVERSION = YES;
				CLANG_WARN_OBJC_ROOT_CLASS = YES_ERROR;
				CLANG_WARN_UNREACHABLE_CODE = YES;
				CLANG_WARN__DUPLICATE_METHOD_MATCH = YES;
				CODE_SIGN_IDENTITY = "iPhone Distribution";
				COPY_PHASE_STRIP = NO;
				DEBUG_INFORMATION_FORMAT = "dwarf-with-dsym";
				ENABLE_NS_ASSERTIONS = NO;
				ENABLE_STRICT_OBJC_MSGSEND = YES;
				GCC_C_LANGUAGE_STANDARD = gnu99;
				GCC_NO_COMMON_BLOCKS = YES;
				GCC_WARN_64_TO_32_BIT_CONVERSION = YES;
				GCC_WARN_ABOUT_RETURN_TYPE = YES_ERROR;
				GCC_WARN_UNDECLARED_SELECTOR = YES;
				GCC_WARN_UNINITIALIZED_AUTOS = YES_AGGRESSIVE;
				GCC_WARN_UNUSED_FUNCTION = YES;
				GCC_WARN_UNUSED_VARIABLE = YES;
				IPHONEOS_DEPLOYMENT_TARGET = 9.0;
				MTL_ENABLE_DEBUG_INFO = NO;
				SDKROOT = iphoneos;
				TARGETED_DEVICE_FAMILY = "1,2";
				VALIDATE_PRODUCT = YES;
			};
			name = Release;
		};
		DBF601B21C0C997900EEEE98 /* Debug */ = {
			isa = XCBuildConfiguration;
			buildSettings = {
				ASSETCATALOG_COMPILER_APPICON_NAME = AppIcon;
				CODE_SIGN_IDENTITY = "iPhone Developer";
				INFOPLIST_FILE = "pelias-ios-sdk/Info.plist";
				LD_RUNPATH_SEARCH_PATHS = "$(inherited) @executable_path/Frameworks";
				PRODUCT_BUNDLE_IDENTIFIER = "com.mapzen.pelias-ios-sdk";
				PRODUCT_NAME = "$(TARGET_NAME)";
			};
			name = Debug;
		};
		DBF601B31C0C997900EEEE98 /* Release */ = {
			isa = XCBuildConfiguration;
			buildSettings = {
				ASSETCATALOG_COMPILER_APPICON_NAME = AppIcon;
				CODE_SIGN_IDENTITY = "iPhone Developer";
				INFOPLIST_FILE = "pelias-ios-sdk/Info.plist";
				LD_RUNPATH_SEARCH_PATHS = "$(inherited) @executable_path/Frameworks";
				PRODUCT_BUNDLE_IDENTIFIER = "com.mapzen.pelias-ios-sdk";
				PRODUCT_NAME = "$(TARGET_NAME)";
			};
			name = Release;
		};
		DBF601B51C0C997900EEEE98 /* Debug */ = {
			isa = XCBuildConfiguration;
			buildSettings = {
				BUNDLE_LOADER = "$(TEST_HOST)";
				INFOPLIST_FILE = "pelias-ios-sdkTests/Info.plist";
				LD_RUNPATH_SEARCH_PATHS = "$(inherited) @executable_path/Frameworks @loader_path/Frameworks";
				PRODUCT_BUNDLE_IDENTIFIER = "com.mapzen.pelias-ios-sdkTests";
				PRODUCT_NAME = "$(TARGET_NAME)";
				TEST_HOST = "$(BUILT_PRODUCTS_DIR)/pelias-ios-sdk.app/pelias-ios-sdk";
			};
			name = Debug;
		};
		DBF601B61C0C997900EEEE98 /* Release */ = {
			isa = XCBuildConfiguration;
			buildSettings = {
				BUNDLE_LOADER = "$(TEST_HOST)";
				INFOPLIST_FILE = "pelias-ios-sdkTests/Info.plist";
				LD_RUNPATH_SEARCH_PATHS = "$(inherited) @executable_path/Frameworks @loader_path/Frameworks";
				PRODUCT_BUNDLE_IDENTIFIER = "com.mapzen.pelias-ios-sdkTests";
				PRODUCT_NAME = "$(TARGET_NAME)";
				TEST_HOST = "$(BUILT_PRODUCTS_DIR)/pelias-ios-sdk.app/pelias-ios-sdk";
			};
			name = Release;
		};
/* End XCBuildConfiguration section */

/* Begin XCConfigurationList section */
		DBF6018D1C0C997900EEEE98 /* Build configuration list for PBXProject "pelias-ios-sdk" */ = {
			isa = XCConfigurationList;
			buildConfigurations = (
				DBF601AF1C0C997900EEEE98 /* Debug */,
				DBF601B01C0C997900EEEE98 /* Release */,
			);
			defaultConfigurationIsVisible = 0;
			defaultConfigurationName = Release;
		};
		DBF601B11C0C997900EEEE98 /* Build configuration list for PBXNativeTarget "pelias-ios-sdk" */ = {
			isa = XCConfigurationList;
			buildConfigurations = (
				DBF601B21C0C997900EEEE98 /* Debug */,
				DBF601B31C0C997900EEEE98 /* Release */,
			);
			defaultConfigurationIsVisible = 0;
			defaultConfigurationName = Release;
		};
		DBF601B41C0C997900EEEE98 /* Build configuration list for PBXNativeTarget "pelias-ios-sdkTests" */ = {
			isa = XCConfigurationList;
			buildConfigurations = (
				DBF601B51C0C997900EEEE98 /* Debug */,
				DBF601B61C0C997900EEEE98 /* Release */,
			);
			defaultConfigurationIsVisible = 0;
			defaultConfigurationName = Release;
		};
/* End XCConfigurationList section */
	};
	rootObject = DBF6018A1C0C997900EEEE98 /* Project object */;
}
