// !$*UTF8*$!
{
	archiveVersion = 1;
	classes = {
	};
	objectVersion = 46;
	objects = {

/* Begin PBXBuildFile section */
		7D5616DB1E8ACC2900D95E5D /* PeliasReverseConfig.swift in Sources */ = {isa = PBXBuildFile; fileRef = 7D5616DA1E8ACC2900D95E5D /* PeliasReverseConfig.swift */; };
		DB1C978A1C6546890034648D /* PeliasSearchManagerTests.swift in Sources */ = {isa = PBXBuildFile; fileRef = DB1C97891C6546890034648D /* PeliasSearchManagerTests.swift */; };
		DB7409A41C5AC98900D88EC3 /* AutocompleteTableVC.swift in Sources */ = {isa = PBXBuildFile; fileRef = DB7409A31C5AC98900D88EC3 /* AutocompleteTableVC.swift */; };
		DB7A338E1C737332009CC743 /* PeliasPlaceConfig.swift in Sources */ = {isa = PBXBuildFile; fileRef = DB7A338D1C737332009CC743 /* PeliasPlaceConfig.swift */; };
		DB7A33901C74F1D5009CC743 /* PeliasPlaceConfigTests.swift in Sources */ = {isa = PBXBuildFile; fileRef = DB7A338F1C74F1D5009CC743 /* PeliasPlaceConfigTests.swift */; };
		DB7A33C31C7CB1DE009CC743 /* PinDetailVC.swift in Sources */ = {isa = PBXBuildFile; fileRef = DB7A33C21C7CB1DE009CC743 /* PinDetailVC.swift */; };
		DB7A33C51C7D0A1E009CC743 /* Constants.swift in Sources */ = {isa = PBXBuildFile; fileRef = DB7A33C41C7D0A1E009CC743 /* Constants.swift */; };
		DB7A33C81C84DB80009CC743 /* error_response.json in Resources */ = {isa = PBXBuildFile; fileRef = DB7A33C71C84DB80009CC743 /* error_response.json */; };
		DB96FA6D1C0DE65D00477BD3 /* CoreLocation.framework in Frameworks */ = {isa = PBXBuildFile; fileRef = DB96FA6C1C0DE65D00477BD3 /* CoreLocation.framework */; };
		DB96FA951C1219EA00477BD3 /* PeliasSearchConfigTests.swift in Sources */ = {isa = PBXBuildFile; fileRef = DB96FA941C1219EA00477BD3 /* PeliasSearchConfigTests.swift */; };
		DB96FA9A1C1B711800477BD3 /* ConfigProtocolTests.swift in Sources */ = {isa = PBXBuildFile; fileRef = DB96FA991C1B711800477BD3 /* ConfigProtocolTests.swift */; };
		DBCB7E851C6244200090FDCD /* MapkitExtensions.swift in Sources */ = {isa = PBXBuildFile; fileRef = DBCB7E7C1C6244200090FDCD /* MapkitExtensions.swift */; };
		DBCB7E871C6244200090FDCD /* ConfigProtocol.swift in Sources */ = {isa = PBXBuildFile; fileRef = DBCB7E801C6244200090FDCD /* ConfigProtocol.swift */; };
		DBCB7E881C6244200090FDCD /* PeliasAutocompleteConfig.swift in Sources */ = {isa = PBXBuildFile; fileRef = DBCB7E811C6244200090FDCD /* PeliasAutocompleteConfig.swift */; };
		DBCB7E8A1C6244200090FDCD /* PeliasSearchConfigObject.swift in Sources */ = {isa = PBXBuildFile; fileRef = DBCB7E831C6244200090FDCD /* PeliasSearchConfigObject.swift */; };
		DBCB7E8B1C6244200090FDCD /* PeliasSearchManager.swift in Sources */ = {isa = PBXBuildFile; fileRef = DBCB7E841C6244200090FDCD /* PeliasSearchManager.swift */; };
		DBCB7E8D1C6245AA0090FDCD /* Default-568h@2x.png in Resources */ = {isa = PBXBuildFile; fileRef = DBCB7E8C1C6245AA0090FDCD /* Default-568h@2x.png */; };
		DBF601961C0C997900EEEE98 /* AppDelegate.swift in Sources */ = {isa = PBXBuildFile; fileRef = DBF601951C0C997900EEEE98 /* AppDelegate.swift */; };
		DBF601981C0C997900EEEE98 /* FirstViewController.swift in Sources */ = {isa = PBXBuildFile; fileRef = DBF601971C0C997900EEEE98 /* FirstViewController.swift */; };
		DBF6019A1C0C997900EEEE98 /* SecondViewController.swift in Sources */ = {isa = PBXBuildFile; fileRef = DBF601991C0C997900EEEE98 /* SecondViewController.swift */; };
		DBF6019D1C0C997900EEEE98 /* Main.storyboard in Resources */ = {isa = PBXBuildFile; fileRef = DBF6019B1C0C997900EEEE98 /* Main.storyboard */; };
		DBF6019F1C0C997900EEEE98 /* Assets.xcassets in Resources */ = {isa = PBXBuildFile; fileRef = DBF6019E1C0C997900EEEE98 /* Assets.xcassets */; };
		DBF601A21C0C997900EEEE98 /* LaunchScreen.storyboard in Resources */ = {isa = PBXBuildFile; fileRef = DBF601A01C0C997900EEEE98 /* LaunchScreen.storyboard */; };
		DBFC11E11C3B0EDE00087FC9 /* MapKit.framework in Frameworks */ = {isa = PBXBuildFile; fileRef = DBB667181C3AD0AA003AD8E0 /* MapKit.framework */; };
/* End PBXBuildFile section */

/* Begin PBXContainerItemProxy section */
		DBF601A91C0C997900EEEE98 /* PBXContainerItemProxy */ = {
			isa = PBXContainerItemProxy;
			containerPortal = DBF6018A1C0C997900EEEE98 /* Project object */;
			proxyType = 1;
			remoteGlobalIDString = DBF601911C0C997900EEEE98;
			remoteInfo = "pelias-ios-sdk";
		};
/* End PBXContainerItemProxy section */

/* Begin PBXFileReference section */
		7D5616DA1E8ACC2900D95E5D /* PeliasReverseConfig.swift */ = {isa = PBXFileReference; fileEncoding = 4; lastKnownFileType = sourcecode.swift; path = PeliasReverseConfig.swift; sourceTree = "<group>"; };
		DB1C97891C6546890034648D /* PeliasSearchManagerTests.swift */ = {isa = PBXFileReference; fileEncoding = 4; lastKnownFileType = sourcecode.swift; path = PeliasSearchManagerTests.swift; sourceTree = "<group>"; };
		DB7409A31C5AC98900D88EC3 /* AutocompleteTableVC.swift */ = {isa = PBXFileReference; fileEncoding = 4; lastKnownFileType = sourcecode.swift; path = AutocompleteTableVC.swift; sourceTree = "<group>"; };
		DB7A338D1C737332009CC743 /* PeliasPlaceConfig.swift */ = {isa = PBXFileReference; fileEncoding = 4; lastKnownFileType = sourcecode.swift; path = PeliasPlaceConfig.swift; sourceTree = "<group>"; };
		DB7A338F1C74F1D5009CC743 /* PeliasPlaceConfigTests.swift */ = {isa = PBXFileReference; fileEncoding = 4; lastKnownFileType = sourcecode.swift; path = PeliasPlaceConfigTests.swift; sourceTree = "<group>"; };
		DB7A33C21C7CB1DE009CC743 /* PinDetailVC.swift */ = {isa = PBXFileReference; fileEncoding = 4; lastKnownFileType = sourcecode.swift; path = PinDetailVC.swift; sourceTree = "<group>"; };
		DB7A33C41C7D0A1E009CC743 /* Constants.swift */ = {isa = PBXFileReference; fileEncoding = 4; lastKnownFileType = sourcecode.swift; path = Constants.swift; sourceTree = "<group>"; };
		DB7A33C71C84DB80009CC743 /* error_response.json */ = {isa = PBXFileReference; fileEncoding = 4; lastKnownFileType = text.json; path = error_response.json; sourceTree = "<group>"; };
		DB96FA6C1C0DE65D00477BD3 /* CoreLocation.framework */ = {isa = PBXFileReference; lastKnownFileType = wrapper.framework; name = CoreLocation.framework; path = System/Library/Frameworks/CoreLocation.framework; sourceTree = SDKROOT; };
		DB96FA941C1219EA00477BD3 /* PeliasSearchConfigTests.swift */ = {isa = PBXFileReference; fileEncoding = 4; lastKnownFileType = sourcecode.swift; path = PeliasSearchConfigTests.swift; sourceTree = "<group>"; };
		DB96FA991C1B711800477BD3 /* ConfigProtocolTests.swift */ = {isa = PBXFileReference; fileEncoding = 4; lastKnownFileType = sourcecode.swift; path = ConfigProtocolTests.swift; sourceTree = "<group>"; };
		DBB667181C3AD0AA003AD8E0 /* MapKit.framework */ = {isa = PBXFileReference; lastKnownFileType = wrapper.framework; name = MapKit.framework; path = System/Library/Frameworks/MapKit.framework; sourceTree = SDKROOT; };
		DBCB7E7C1C6244200090FDCD /* MapkitExtensions.swift */ = {isa = PBXFileReference; fileEncoding = 4; lastKnownFileType = sourcecode.swift; path = MapkitExtensions.swift; sourceTree = "<group>"; };
		DBCB7E801C6244200090FDCD /* ConfigProtocol.swift */ = {isa = PBXFileReference; fileEncoding = 4; lastKnownFileType = sourcecode.swift; path = ConfigProtocol.swift; sourceTree = "<group>"; };
		DBCB7E811C6244200090FDCD /* PeliasAutocompleteConfig.swift */ = {isa = PBXFileReference; fileEncoding = 4; lastKnownFileType = sourcecode.swift; path = PeliasAutocompleteConfig.swift; sourceTree = "<group>"; };
		DBCB7E831C6244200090FDCD /* PeliasSearchConfigObject.swift */ = {isa = PBXFileReference; fileEncoding = 4; lastKnownFileType = sourcecode.swift; path = PeliasSearchConfigObject.swift; sourceTree = "<group>"; };
		DBCB7E841C6244200090FDCD /* PeliasSearchManager.swift */ = {isa = PBXFileReference; fileEncoding = 4; lastKnownFileType = sourcecode.swift; path = PeliasSearchManager.swift; sourceTree = "<group>"; };
		DBCB7E8C1C6245AA0090FDCD /* Default-568h@2x.png */ = {isa = PBXFileReference; lastKnownFileType = image.png; path = "Default-568h@2x.png"; sourceTree = "<group>"; };
		DBF601921C0C997900EEEE98 /* pelias-ios-sdk.app */ = {isa = PBXFileReference; explicitFileType = wrapper.application; includeInIndex = 0; path = "pelias-ios-sdk.app"; sourceTree = BUILT_PRODUCTS_DIR; };
		DBF601951C0C997900EEEE98 /* AppDelegate.swift */ = {isa = PBXFileReference; lastKnownFileType = sourcecode.swift; path = AppDelegate.swift; sourceTree = "<group>"; };
		DBF601971C0C997900EEEE98 /* FirstViewController.swift */ = {isa = PBXFileReference; lastKnownFileType = sourcecode.swift; path = FirstViewController.swift; sourceTree = "<group>"; };
		DBF601991C0C997900EEEE98 /* SecondViewController.swift */ = {isa = PBXFileReference; lastKnownFileType = sourcecode.swift; path = SecondViewController.swift; sourceTree = "<group>"; };
		DBF6019C1C0C997900EEEE98 /* Base */ = {isa = PBXFileReference; lastKnownFileType = file.storyboard; name = Base; path = Base.lproj/Main.storyboard; sourceTree = "<group>"; };
		DBF6019E1C0C997900EEEE98 /* Assets.xcassets */ = {isa = PBXFileReference; lastKnownFileType = folder.assetcatalog; path = Assets.xcassets; sourceTree = "<group>"; };
		DBF601A11C0C997900EEEE98 /* Base */ = {isa = PBXFileReference; lastKnownFileType = file.storyboard; name = Base; path = Base.lproj/LaunchScreen.storyboard; sourceTree = "<group>"; };
		DBF601A31C0C997900EEEE98 /* Info.plist */ = {isa = PBXFileReference; lastKnownFileType = text.plist.xml; path = Info.plist; sourceTree = "<group>"; };
		DBF601A81C0C997900EEEE98 /* pelias-ios-sdkTests.xctest */ = {isa = PBXFileReference; explicitFileType = wrapper.cfbundle; includeInIndex = 0; path = "pelias-ios-sdkTests.xctest"; sourceTree = BUILT_PRODUCTS_DIR; };
		DBF601AE1C0C997900EEEE98 /* Info.plist */ = {isa = PBXFileReference; lastKnownFileType = text.plist.xml; path = Info.plist; sourceTree = "<group>"; };
/* End PBXFileReference section */

/* Begin PBXFrameworksBuildPhase section */
		DBF6018F1C0C997900EEEE98 /* Frameworks */ = {
			isa = PBXFrameworksBuildPhase;
			buildActionMask = 2147483647;
			files = (
				DBFC11E11C3B0EDE00087FC9 /* MapKit.framework in Frameworks */,
				DB96FA6D1C0DE65D00477BD3 /* CoreLocation.framework in Frameworks */,
			);
			runOnlyForDeploymentPostprocessing = 0;
		};
		DBF601A51C0C997900EEEE98 /* Frameworks */ = {
			isa = PBXFrameworksBuildPhase;
			buildActionMask = 2147483647;
			files = (
			);
			runOnlyForDeploymentPostprocessing = 0;
		};
/* End PBXFrameworksBuildPhase section */

/* Begin PBXGroup section */
		DB7A33C61C84DB80009CC743 /* json_fixtures */ = {
			isa = PBXGroup;
			children = (
				DB7A33C71C84DB80009CC743 /* error_response.json */,
			);
			path = json_fixtures;
			sourceTree = "<group>";
		};
		DBCB7E7A1C6244200090FDCD /* extras */ = {
			isa = PBXGroup;
			children = (
				DBCB7E7B1C6244200090FDCD /* convenience */,
			);
			path = extras;
			sourceTree = SOURCE_ROOT;
		};
		DBCB7E7B1C6244200090FDCD /* convenience */ = {
			isa = PBXGroup;
			children = (
				DBCB7E7C1C6244200090FDCD /* MapkitExtensions.swift */,
			);
			path = convenience;
			sourceTree = "<group>";
		};
		DBCB7E7F1C6244200090FDCD /* src */ = {
			isa = PBXGroup;
			children = (
				DBCB7E801C6244200090FDCD /* ConfigProtocol.swift */,
				DBCB7E811C6244200090FDCD /* PeliasAutocompleteConfig.swift */,
				DBCB7E831C6244200090FDCD /* PeliasSearchConfigObject.swift */,
				DB7A338D1C737332009CC743 /* PeliasPlaceConfig.swift */,
				7D5616DA1E8ACC2900D95E5D /* PeliasReverseConfig.swift */,
				DBCB7E841C6244200090FDCD /* PeliasSearchManager.swift */,
				DB7A33C41C7D0A1E009CC743 /* Constants.swift */,
			);
			path = src;
			sourceTree = SOURCE_ROOT;
		};
		DBF601891C0C997900EEEE98 = {
			isa = PBXGroup;
			children = (
				DBCB7E8C1C6245AA0090FDCD /* Default-568h@2x.png */,
				DBB667181C3AD0AA003AD8E0 /* MapKit.framework */,
				DB96FA6C1C0DE65D00477BD3 /* CoreLocation.framework */,
				DBF601941C0C997900EEEE98 /* pelias-ios-sdk */,
				DBF601AB1C0C997900EEEE98 /* pelias-ios-sdkTests */,
				DBF601931C0C997900EEEE98 /* Products */,
			);
			sourceTree = "<group>";
		};
		DBF601931C0C997900EEEE98 /* Products */ = {
			isa = PBXGroup;
			children = (
				DBF601921C0C997900EEEE98 /* pelias-ios-sdk.app */,
				DBF601A81C0C997900EEEE98 /* pelias-ios-sdkTests.xctest */,
			);
			name = Products;
			sourceTree = "<group>";
		};
		DBF601941C0C997900EEEE98 /* pelias-ios-sdk */ = {
			isa = PBXGroup;
			children = (
				DBCB7E7A1C6244200090FDCD /* extras */,
				DBCB7E7F1C6244200090FDCD /* src */,
				DBF601951C0C997900EEEE98 /* AppDelegate.swift */,
				DBF601971C0C997900EEEE98 /* FirstViewController.swift */,
				DBF601991C0C997900EEEE98 /* SecondViewController.swift */,
				DB7409A31C5AC98900D88EC3 /* AutocompleteTableVC.swift */,
				DB7A33C21C7CB1DE009CC743 /* PinDetailVC.swift */,
				DBF6019B1C0C997900EEEE98 /* Main.storyboard */,
				DBF6019E1C0C997900EEEE98 /* Assets.xcassets */,
				DBF601A01C0C997900EEEE98 /* LaunchScreen.storyboard */,
				DBF601A31C0C997900EEEE98 /* Info.plist */,
			);
			name = "pelias-ios-sdk";
			path = SampleApp;
			sourceTree = "<group>";
		};
		DBF601AB1C0C997900EEEE98 /* pelias-ios-sdkTests */ = {
			isa = PBXGroup;
			children = (
				DB7A33C61C84DB80009CC743 /* json_fixtures */,
				DBF601AE1C0C997900EEEE98 /* Info.plist */,
				DB96FA941C1219EA00477BD3 /* PeliasSearchConfigTests.swift */,
				DB96FA991C1B711800477BD3 /* ConfigProtocolTests.swift */,
				DB1C97891C6546890034648D /* PeliasSearchManagerTests.swift */,
				DB7A338F1C74F1D5009CC743 /* PeliasPlaceConfigTests.swift */,
			);
			path = "pelias-ios-sdkTests";
			sourceTree = "<group>";
		};
/* End PBXGroup section */

/* Begin PBXNativeTarget section */
		DBF601911C0C997900EEEE98 /* pelias-ios-sdk */ = {
			isa = PBXNativeTarget;
			buildConfigurationList = DBF601B11C0C997900EEEE98 /* Build configuration list for PBXNativeTarget "pelias-ios-sdk" */;
			buildPhases = (
				DBF6018E1C0C997900EEEE98 /* Sources */,
				DBF6018F1C0C997900EEEE98 /* Frameworks */,
				DBF601901C0C997900EEEE98 /* Resources */,
			);
			buildRules = (
			);
			dependencies = (
			);
			name = "pelias-ios-sdk";
			productName = "pelias-ios-sdk";
			productReference = DBF601921C0C997900EEEE98 /* pelias-ios-sdk.app */;
			productType = "com.apple.product-type.application";
		};
		DBF601A71C0C997900EEEE98 /* pelias-ios-sdkTests */ = {
			isa = PBXNativeTarget;
			buildConfigurationList = DBF601B41C0C997900EEEE98 /* Build configuration list for PBXNativeTarget "pelias-ios-sdkTests" */;
			buildPhases = (
				DBF601A41C0C997900EEEE98 /* Sources */,
				DBF601A51C0C997900EEEE98 /* Frameworks */,
				DBF601A61C0C997900EEEE98 /* Resources */,
			);
			buildRules = (
			);
			dependencies = (
				DBF601AA1C0C997900EEEE98 /* PBXTargetDependency */,
			);
			name = "pelias-ios-sdkTests";
			productName = "pelias-ios-sdkTests";
			productReference = DBF601A81C0C997900EEEE98 /* pelias-ios-sdkTests.xctest */;
			productType = "com.apple.product-type.bundle.unit-test";
		};
/* End PBXNativeTarget section */

/* Begin PBXProject section */
		DBF6018A1C0C997900EEEE98 /* Project object */ = {
			isa = PBXProject;
			attributes = {
				LastSwiftUpdateCheck = 0710;
				LastUpgradeCheck = 0810;
				ORGANIZATIONNAME = Mapzen;
				TargetAttributes = {
					DBF601911C0C997900EEEE98 = {
						CreatedOnToolsVersion = 7.1.1;
						DevelopmentTeam = LTQC954SPQ;
						LastSwiftMigration = 0820;
						ProvisioningStyle = Manual;
					};
					DBF601A71C0C997900EEEE98 = {
						CreatedOnToolsVersion = 7.1.1;
						DevelopmentTeam = D382UW8GW4;
						LastSwiftMigration = 0820;
						TestTargetID = DBF601911C0C997900EEEE98;
					};
				};
			};
			buildConfigurationList = DBF6018D1C0C997900EEEE98 /* Build configuration list for PBXProject "pelias-ios-sdk" */;
			compatibilityVersion = "Xcode 3.2";
			developmentRegion = English;
			hasScannedForEncodings = 0;
			knownRegions = (
				en,
				Base,
			);
			mainGroup = DBF601891C0C997900EEEE98;
			productRefGroup = DBF601931C0C997900EEEE98 /* Products */;
			projectDirPath = "";
			projectRoot = "";
			targets = (
				DBF601911C0C997900EEEE98 /* pelias-ios-sdk */,
				DBF601A71C0C997900EEEE98 /* pelias-ios-sdkTests */,
			);
		};
/* End PBXProject section */

/* Begin PBXResourcesBuildPhase section */
		DBF601901C0C997900EEEE98 /* Resources */ = {
			isa = PBXResourcesBuildPhase;
			buildActionMask = 2147483647;
			files = (
				DBF601A21C0C997900EEEE98 /* LaunchScreen.storyboard in Resources */,
				DBCB7E8D1C6245AA0090FDCD /* Default-568h@2x.png in Resources */,
				DBF6019F1C0C997900EEEE98 /* Assets.xcassets in Resources */,
				DBF6019D1C0C997900EEEE98 /* Main.storyboard in Resources */,
			);
			runOnlyForDeploymentPostprocessing = 0;
		};
		DBF601A61C0C997900EEEE98 /* Resources */ = {
			isa = PBXResourcesBuildPhase;
			buildActionMask = 2147483647;
			files = (
				DB7A33C81C84DB80009CC743 /* error_response.json in Resources */,
			);
			runOnlyForDeploymentPostprocessing = 0;
		};
/* End PBXResourcesBuildPhase section */

/* Begin PBXSourcesBuildPhase section */
		DBF6018E1C0C997900EEEE98 /* Sources */ = {
			isa = PBXSourcesBuildPhase;
			buildActionMask = 2147483647;
			files = (
				DBF6019A1C0C997900EEEE98 /* SecondViewController.swift in Sources */,
				DB7A33C31C7CB1DE009CC743 /* PinDetailVC.swift in Sources */,
				DBF601961C0C997900EEEE98 /* AppDelegate.swift in Sources */,
				7D5616DB1E8ACC2900D95E5D /* PeliasReverseConfig.swift in Sources */,
				DB7A338E1C737332009CC743 /* PeliasPlaceConfig.swift in Sources */,
				DBCB7E851C6244200090FDCD /* MapkitExtensions.swift in Sources */,
				DBCB7E8B1C6244200090FDCD /* PeliasSearchManager.swift in Sources */,
				DBF601981C0C997900EEEE98 /* FirstViewController.swift in Sources */,
				DBCB7E871C6244200090FDCD /* ConfigProtocol.swift in Sources */,
				DB7409A41C5AC98900D88EC3 /* AutocompleteTableVC.swift in Sources */,
				DB7A33C51C7D0A1E009CC743 /* Constants.swift in Sources */,
				DBCB7E8A1C6244200090FDCD /* PeliasSearchConfigObject.swift in Sources */,
				DBCB7E881C6244200090FDCD /* PeliasAutocompleteConfig.swift in Sources */,
			);
			runOnlyForDeploymentPostprocessing = 0;
		};
		DBF601A41C0C997900EEEE98 /* Sources */ = {
			isa = PBXSourcesBuildPhase;
			buildActionMask = 2147483647;
			files = (
				DB96FA951C1219EA00477BD3 /* PeliasSearchConfigTests.swift in Sources */,
				DB1C978A1C6546890034648D /* PeliasSearchManagerTests.swift in Sources */,
				DB96FA9A1C1B711800477BD3 /* ConfigProtocolTests.swift in Sources */,
				DB7A33901C74F1D5009CC743 /* PeliasPlaceConfigTests.swift in Sources */,
			);
			runOnlyForDeploymentPostprocessing = 0;
		};
/* End PBXSourcesBuildPhase section */

/* Begin PBXTargetDependency section */
		DBF601AA1C0C997900EEEE98 /* PBXTargetDependency */ = {
			isa = PBXTargetDependency;
			target = DBF601911C0C997900EEEE98 /* pelias-ios-sdk */;
			targetProxy = DBF601A91C0C997900EEEE98 /* PBXContainerItemProxy */;
		};
/* End PBXTargetDependency section */

/* Begin PBXVariantGroup section */
		DBF6019B1C0C997900EEEE98 /* Main.storyboard */ = {
			isa = PBXVariantGroup;
			children = (
				DBF6019C1C0C997900EEEE98 /* Base */,
			);
			name = Main.storyboard;
			sourceTree = "<group>";
		};
		DBF601A01C0C997900EEEE98 /* LaunchScreen.storyboard */ = {
			isa = PBXVariantGroup;
			children = (
				DBF601A11C0C997900EEEE98 /* Base */,
			);
			name = LaunchScreen.storyboard;
			sourceTree = "<group>";
		};
/* End PBXVariantGroup section */

/* Begin XCBuildConfiguration section */
		DBF601AF1C0C997900EEEE98 /* Debug */ = {
			isa = XCBuildConfiguration;
			buildSettings = {
				ALWAYS_SEARCH_USER_PATHS = NO;
				CLANG_CXX_LANGUAGE_STANDARD = "gnu++0x";
				CLANG_CXX_LIBRARY = "libc++";
				CLANG_ENABLE_MODULES = YES;
				CLANG_ENABLE_OBJC_ARC = YES;
				CLANG_WARN_BOOL_CONVERSION = YES;
				CLANG_WARN_CONSTANT_CONVERSION = YES;
				CLANG_WARN_DIRECT_OBJC_ISA_USAGE = YES_ERROR;
				CLANG_WARN_EMPTY_BODY = YES;
				CLANG_WARN_ENUM_CONVERSION = YES;
				CLANG_WARN_INFINITE_RECURSION = YES;
				CLANG_WARN_INT_CONVERSION = YES;
				CLANG_WARN_OBJC_ROOT_CLASS = YES_ERROR;
				CLANG_WARN_SUSPICIOUS_MOVE = YES;
				CLANG_WARN_UNREACHABLE_CODE = YES;
				CLANG_WARN__DUPLICATE_METHOD_MATCH = YES;
				CODE_SIGN_IDENTITY = "iPhone Developer";
				COPY_PHASE_STRIP = NO;
				DEBUG_INFORMATION_FORMAT = dwarf;
				ENABLE_STRICT_OBJC_MSGSEND = YES;
				ENABLE_TESTABILITY = YES;
				GCC_C_LANGUAGE_STANDARD = gnu99;
				GCC_DYNAMIC_NO_PIC = NO;
				GCC_NO_COMMON_BLOCKS = YES;
				GCC_OPTIMIZATION_LEVEL = 0;
				GCC_PREPROCESSOR_DEFINITIONS = (
					"DEBUG=1",
					"$(inherited)",
				);
				GCC_WARN_64_TO_32_BIT_CONVERSION = YES;
				GCC_WARN_ABOUT_RETURN_TYPE = YES_ERROR;
				GCC_WARN_UNDECLARED_SELECTOR = YES;
				GCC_WARN_UNINITIALIZED_AUTOS = YES_AGGRESSIVE;
				GCC_WARN_UNUSED_FUNCTION = YES;
				GCC_WARN_UNUSED_VARIABLE = YES;
				IPHONEOS_DEPLOYMENT_TARGET = 9.3;
				MTL_ENABLE_DEBUG_INFO = YES;
				ONLY_ACTIVE_ARCH = YES;
				SDKROOT = iphoneos;
				SWIFT_OPTIMIZATION_LEVEL = "-Onone";
				SWIFT_VERSION = 3.0;
				TARGETED_DEVICE_FAMILY = "1,2";
			};
			name = Debug;
		};
		DBF601B01C0C997900EEEE98 /* Release */ = {
			isa = XCBuildConfiguration;
			buildSettings = {
				ALWAYS_SEARCH_USER_PATHS = NO;
				CLANG_CXX_LANGUAGE_STANDARD = "gnu++0x";
				CLANG_CXX_LIBRARY = "libc++";
				CLANG_ENABLE_MODULES = YES;
				CLANG_ENABLE_OBJC_ARC = YES;
				CLANG_WARN_BOOL_CONVERSION = YES;
				CLANG_WARN_CONSTANT_CONVERSION = YES;
				CLANG_WARN_DIRECT_OBJC_ISA_USAGE = YES_ERROR;
				CLANG_WARN_EMPTY_BODY = YES;
				CLANG_WARN_ENUM_CONVERSION = YES;
				CLANG_WARN_INFINITE_RECURSION = YES;
				CLANG_WARN_INT_CONVERSION = YES;
				CLANG_WARN_OBJC_ROOT_CLASS = YES_ERROR;
				CLANG_WARN_SUSPICIOUS_MOVE = YES;
				CLANG_WARN_UNREACHABLE_CODE = YES;
				CLANG_WARN__DUPLICATE_METHOD_MATCH = YES;
				CODE_SIGN_IDENTITY = "iPhone Distribution";
				COPY_PHASE_STRIP = NO;
				DEBUG_INFORMATION_FORMAT = "dwarf-with-dsym";
				ENABLE_NS_ASSERTIONS = NO;
				ENABLE_STRICT_OBJC_MSGSEND = YES;
				GCC_C_LANGUAGE_STANDARD = gnu99;
				GCC_NO_COMMON_BLOCKS = YES;
				GCC_WARN_64_TO_32_BIT_CONVERSION = YES;
				GCC_WARN_ABOUT_RETURN_TYPE = YES_ERROR;
				GCC_WARN_UNDECLARED_SELECTOR = YES;
				GCC_WARN_UNINITIALIZED_AUTOS = YES_AGGRESSIVE;
				GCC_WARN_UNUSED_FUNCTION = YES;
				GCC_WARN_UNUSED_VARIABLE = YES;
				IPHONEOS_DEPLOYMENT_TARGET = 9.3;
				MTL_ENABLE_DEBUG_INFO = NO;
				SDKROOT = iphoneos;
				SWIFT_OPTIMIZATION_LEVEL = "-Owholemodule";
				SWIFT_VERSION = 3.0;
				TARGETED_DEVICE_FAMILY = "1,2";
				VALIDATE_PRODUCT = YES;
			};
			name = Release;
		};
		DBF601B21C0C997900EEEE98 /* Debug */ = {
			isa = XCBuildConfiguration;
			buildSettings = {
				ASSETCATALOG_COMPILER_APPICON_NAME = AppIcon;
				CODE_SIGN_IDENTITY = "iPhone Developer";
				"CODE_SIGN_IDENTITY[sdk=iphoneos*]" = "iPhone Developer";
				DEVELOPMENT_TEAM = LTQC954SPQ;
				INFOPLIST_FILE = "$(SRCROOT)/SampleApp/Info.plist";
				LD_RUNPATH_SEARCH_PATHS = "$(inherited) @executable_path/Frameworks";
				PRODUCT_BUNDLE_IDENTIFIER = "com.mapzen.pelias-ios-sdk";
				PRODUCT_NAME = "$(TARGET_NAME)";
				PROVISIONING_PROFILE = "c9b3ed64-a201-4b51-9690-b3325d81d270";
				PROVISIONING_PROFILE_SPECIFIER = "Mapzen Wildcard - Dev";
			};
			name = Debug;
		};
		DBF601B31C0C997900EEEE98 /* Release */ = {
			isa = XCBuildConfiguration;
			buildSettings = {
				ASSETCATALOG_COMPILER_APPICON_NAME = AppIcon;
				CODE_SIGN_IDENTITY = "iPhone Developer";
				"CODE_SIGN_IDENTITY[sdk=iphoneos*]" = "iPhone Distribution";
				DEVELOPMENT_TEAM = LTQC954SPQ;
				INFOPLIST_FILE = "$(SRCROOT)/SampleApp/Info.plist";
				LD_RUNPATH_SEARCH_PATHS = "$(inherited) @executable_path/Frameworks";
				PRODUCT_BUNDLE_IDENTIFIER = "com.mapzen.pelias-ios-sdk";
				PRODUCT_NAME = "$(TARGET_NAME)";
				PROVISIONING_PROFILE = "4fc7d17b-e5db-4c8f-bd0f-a9064bf77434";
				PROVISIONING_PROFILE_SPECIFIER = "Mapzen Wildcard";
			};
			name = Release;
		};
		DBF601B51C0C997900EEEE98 /* Debug */ = {
			isa = XCBuildConfiguration;
			buildSettings = {
				BUNDLE_LOADER = "$(TEST_HOST)";
				INFOPLIST_FILE = "pelias-ios-sdkTests/Info.plist";
				LD_RUNPATH_SEARCH_PATHS = "$(inherited) @executable_path/Frameworks @loader_path/Frameworks";
				PRODUCT_BUNDLE_IDENTIFIER = "com.mapzen.pelias-ios-sdkTests";
				PRODUCT_NAME = "$(TARGET_NAME)";
				TEST_HOST = "$(BUILT_PRODUCTS_DIR)/pelias-ios-sdk.app/pelias-ios-sdk";
			};
			name = Debug;
		};
		DBF601B61C0C997900EEEE98 /* Release */ = {
			isa = XCBuildConfiguration;
			buildSettings = {
				BUNDLE_LOADER = "$(TEST_HOST)";
				INFOPLIST_FILE = "pelias-ios-sdkTests/Info.plist";
				LD_RUNPATH_SEARCH_PATHS = "$(inherited) @executable_path/Frameworks @loader_path/Frameworks";
				PRODUCT_BUNDLE_IDENTIFIER = "com.mapzen.pelias-ios-sdkTests";
				PRODUCT_NAME = "$(TARGET_NAME)";
				TEST_HOST = "$(BUILT_PRODUCTS_DIR)/pelias-ios-sdk.app/pelias-ios-sdk";
			};
			name = Release;
		};
/* End XCBuildConfiguration section */

/* Begin XCConfigurationList section */
		DBF6018D1C0C997900EEEE98 /* Build configuration list for PBXProject "pelias-ios-sdk" */ = {
			isa = XCConfigurationList;
			buildConfigurations = (
				DBF601AF1C0C997900EEEE98 /* Debug */,
				DBF601B01C0C997900EEEE98 /* Release */,
			);
			defaultConfigurationIsVisible = 0;
			defaultConfigurationName = Release;
		};
		DBF601B11C0C997900EEEE98 /* Build configuration list for PBXNativeTarget "pelias-ios-sdk" */ = {
			isa = XCConfigurationList;
			buildConfigurations = (
				DBF601B21C0C997900EEEE98 /* Debug */,
				DBF601B31C0C997900EEEE98 /* Release */,
			);
			defaultConfigurationIsVisible = 0;
			defaultConfigurationName = Release;
		};
		DBF601B41C0C997900EEEE98 /* Build configuration list for PBXNativeTarget "pelias-ios-sdkTests" */ = {
			isa = XCConfigurationList;
			buildConfigurations = (
				DBF601B51C0C997900EEEE98 /* Debug */,
				DBF601B61C0C997900EEEE98 /* Release */,
			);
			defaultConfigurationIsVisible = 0;
			defaultConfigurationName = Release;
		};
/* End XCConfigurationList section */
	};
	rootObject = DBF6018A1C0C997900EEEE98 /* Project object */;
}
